
Microsoft Visual Studio Solution File, Format Version 12.00
# Visual Studio Version 16
VisualStudioVersion = 16.0.28803.202
MinimumVisualStudioVersion = 10.0.40219.1
Project("{FAE04EC0-301F-11D3-BF4B-00C04F79EFBC}") = "PHPClient", "PHPClient\PHPClient.csproj", "{EE97E6F1-54F5-442A-B9E4-E9727B27C395}"
EndProject
Global
	GlobalSection(SolutionConfigurationPlatforms) = preSolution
		Debug|Any CPU = Debug|Any CPU
		Release|Any CPU = Release|Any CPU
	EndGlobalSection
	GlobalSection(ProjectConfigurationPlatforms) = postSolution
		{EE97E6F1-54F5-442A-B9E4-E9727B27C395}.Debug|Any CPU.ActiveCfg = Debug|Any CPU
		{EE97E6F1-54F5-442A-B9E4-E9727B27C395}.Debug|Any CPU.Build.0 = Debug|Any CPU
		{EE97E6F1-54F5-442A-B9E4-E9727B27C395}.Release|Any CPU.ActiveCfg = Release|Any CPU
		{EE97E6F1-54F5-442A-B9E4-E9727B27C395}.Release|Any CPU.Build.0 = Release|Any CPU
	EndGlobalSection
	GlobalSection(SolutionProperties) = preSolution
		HideSolutionNode = FALSE
	EndGlobalSection
	GlobalSection(ExtensibilityGlobals) = postSolution
		SolutionGuid = {9F61898C-9D08-43DA-B9CD-50BDAFA8BD89}
	EndGlobalSection
EndGlobal
